{
  "name": "entry",
  "lockfileVersion": 3,
  "requires": true,
  "packages": {
    "": {
      "dependencies": {
        "@fds-components/fds-gradient-editor": "^1.0.2"
      }
    },
    "node_modules/@fds-components/fds-gradient-editor": {
      "version": "1.0.2",
      "resolved": "https://gitlab.fdog.de/api/v4/projects/197/packages/npm/@fds-components/fds-gradient-editor/-/@fds-components/fds-gradient-editor-1.0.2.tgz",
      "integrity": "sha1-Pg7uts8VgwdWL20ZRhA5fKVqTM4="
    }
  }
}
